
Microsoft Visual Studio Solution File, Format Version 12.00
# Visual Studio Version 16
VisualStudioVersion = 16.0.29806.167
MinimumVisualStudioVersion = 10.0.40219.1
Project("{FAE04EC0-301F-11D3-BF4B-00C04F79EFBC}") = "UniSyncFlowPoc1", "UniSyncFlowPoc1\UniSyncFlowPoc1.csproj", "{D77DBC03-6948-42F3-A078-EC722BE863DB}"
EndProject
Project("{FAE04EC0-301F-11D3-BF4B-00C04F79EFBC}") = "UniSyncFlowPoc1.MyLogic", "UniSyncFlowPoc1.MyLogic\UniSyncFlowPoc1.MyLogic.csproj", "{DD7AE5DA-49B8-4674-96A8-A6816DA96207}"
EndProject
Project("{FAE04EC0-301F-11D3-BF4B-00C04F79EFBC}") = "UniSyncFlowPoc1.Flow.Core", "UniSyncFlowPoc1.Flow\UniSyncFlowPoc1.Flow.Core.csproj", "{E45C8354-CE5A-495D-8E6D-7832D816739C}"
EndProject
Project("{FAE04EC0-301F-11D3-BF4B-00C04F79EFBC}") = "UniSyncFlowPoc1.Flow.BlockDefinitions", "UniSyncFlowPoc1.Flow.Blocks\UniSyncFlowPoc1.Flow.BlockDefinitions.csproj", "{6FF8B372-84CB-495D-9A72-05820586BCE1}"
EndProject
Project("{2150E333-8FDC-42A3-9474-1A3956D46DE8}") = "Flow", "Flow", "{A87A44EA-99E7-4E0D-8E18-460666FE5697}"
EndProject
Project("{2150E333-8FDC-42A3-9474-1A3956D46DE8}") = "Synchronizer", "Synchronizer", "{8690C36A-7A99-4F68-B15E-BC9A1CA3BB93}"
EndProject
Project("{FAE04EC0-301F-11D3-BF4B-00C04F79EFBC}") = "UniSyncFlowPoc1.Synchronizer.Core", "UniSyncFlowPoc1.Synchronizer.Core\UniSyncFlowPoc1.Synchronizer.Core.csproj", "{9AD9D1D1-41B1-4906-BC85-ACF4A77704C1}"
EndProject
Global
	GlobalSection(SolutionConfigurationPlatforms) = preSolution
		Debug|Any CPU = Debug|Any CPU
		Release|Any CPU = Release|Any CPU
	EndGlobalSection
	GlobalSection(ProjectConfigurationPlatforms) = postSolution
		{D77DBC03-6948-42F3-A078-EC722BE863DB}.Debug|Any CPU.ActiveCfg = Debug|Any CPU
		{D77DBC03-6948-42F3-A078-EC722BE863DB}.Debug|Any CPU.Build.0 = Debug|Any CPU
		{D77DBC03-6948-42F3-A078-EC722BE863DB}.Release|Any CPU.ActiveCfg = Release|Any CPU
		{D77DBC03-6948-42F3-A078-EC722BE863DB}.Release|Any CPU.Build.0 = Release|Any CPU
		{DD7AE5DA-49B8-4674-96A8-A6816DA96207}.Debug|Any CPU.ActiveCfg = Debug|Any CPU
		{DD7AE5DA-49B8-4674-96A8-A6816DA96207}.Debug|Any CPU.Build.0 = Debug|Any CPU
		{DD7AE5DA-49B8-4674-96A8-A6816DA96207}.Release|Any CPU.ActiveCfg = Release|Any CPU
		{DD7AE5DA-49B8-4674-96A8-A6816DA96207}.Release|Any CPU.Build.0 = Release|Any CPU
		{E45C8354-CE5A-495D-8E6D-7832D816739C}.Debug|Any CPU.ActiveCfg = Debug|Any CPU
		{E45C8354-CE5A-495D-8E6D-7832D816739C}.Debug|Any CPU.Build.0 = Debug|Any CPU
		{E45C8354-CE5A-495D-8E6D-7832D816739C}.Release|Any CPU.ActiveCfg = Release|Any CPU
		{E45C8354-CE5A-495D-8E6D-7832D816739C}.Release|Any CPU.Build.0 = Release|Any CPU
		{6FF8B372-84CB-495D-9A72-05820586BCE1}.Debug|Any CPU.ActiveCfg = Debug|Any CPU
		{6FF8B372-84CB-495D-9A72-05820586BCE1}.Debug|Any CPU.Build.0 = Debug|Any CPU
		{6FF8B372-84CB-495D-9A72-05820586BCE1}.Release|Any CPU.ActiveCfg = Release|Any CPU
		{6FF8B372-84CB-495D-9A72-05820586BCE1}.Release|Any CPU.Build.0 = Release|Any CPU
		{9AD9D1D1-41B1-4906-BC85-ACF4A77704C1}.Debug|Any CPU.ActiveCfg = Debug|Any CPU
		{9AD9D1D1-41B1-4906-BC85-ACF4A77704C1}.Debug|Any CPU.Build.0 = Debug|Any CPU
		{9AD9D1D1-41B1-4906-BC85-ACF4A77704C1}.Release|Any CPU.ActiveCfg = Release|Any CPU
		{9AD9D1D1-41B1-4906-BC85-ACF4A77704C1}.Release|Any CPU.Build.0 = Release|Any CPU
	EndGlobalSection
	GlobalSection(SolutionProperties) = preSolution
		HideSolutionNode = FALSE
	EndGlobalSection
	GlobalSection(NestedProjects) = preSolution
		{E45C8354-CE5A-495D-8E6D-7832D816739C} = {A87A44EA-99E7-4E0D-8E18-460666FE5697}
		{6FF8B372-84CB-495D-9A72-05820586BCE1} = {A87A44EA-99E7-4E0D-8E18-460666FE5697}
		{9AD9D1D1-41B1-4906-BC85-ACF4A77704C1} = {8690C36A-7A99-4F68-B15E-BC9A1CA3BB93}
	EndGlobalSection
	GlobalSection(ExtensibilityGlobals) = postSolution
		SolutionGuid = {7D7102D5-476A-4D3A-B4C7-ED6713658557}
	EndGlobalSection
EndGlobal
